
Microsoft Visual Studio Solution File, Format Version 12.00
# Visual Studio Version 17
VisualStudioVersion = 17.4.33213.308
MinimumVisualStudioVersion = 10.0.40219.1
Project("{FAE04EC0-301F-11D3-BF4B-00C04F79EFBC}") = "QRMES", "QRMES.csproj", "{193F400C-8611-432E-B971-F189AAA38786}"
EndProject
Global
	GlobalSection(SolutionConfigurationPlatforms) = preSolution
		Debug|Any CPU = Debug|Any CPU
		Release|Any CPU = Release|Any CPU
	EndGlobalSection
	GlobalSection(ProjectConfigurationPlatforms) = postSolution
		{193F400C-8611-432E-B971-F189AAA38786}.Debug|Any CPU.ActiveCfg = Debug|Any CPU
		{193F400C-8611-432E-B971-F189AAA38786}.Debug|Any CPU.Build.0 = Debug|Any CPU
		{193F400C-8611-432E-B971-F189AAA38786}.Release|Any CPU.ActiveCfg = Release|Any CPU
		{193F400C-8611-432E-B971-F189AAA38786}.Release|Any CPU.Build.0 = Release|Any CPU
	EndGlobalSection
	GlobalSection(SolutionProperties) = preSolution
		HideSolutionNode = FALSE
	EndGlobalSection
	GlobalSection(ExtensibilityGlobals) = postSolution
		SolutionGuid = {054A1D3C-00FC-44E0-AE22-8B705064CF5E}
	EndGlobalSection
EndGlobal
